
Microsoft Visual Studio Solution File, Format Version 12.00
# Visual Studio Version 17
VisualStudioVersion = 17.5.002.0
MinimumVisualStudioVersion = 10.0.40219.1
Project("{9A19103F-16F7-4668-BE54-9A1E7A4F7556}") = "LoginSignup", "LoginSignup.csproj", "{5FE84AD0-62B9-4ACF-BEAC-253AB565FBCE}"
EndProject
Global
	GlobalSection(SolutionConfigurationPlatforms) = preSolution
		Debug|Any CPU = Debug|Any CPU
		Release|Any CPU = Release|Any CPU
	EndGlobalSection
	GlobalSection(ProjectConfigurationPlatforms) = postSolution
		{5FE84AD0-62B9-4ACF-BEAC-253AB565FBCE}.Debug|Any CPU.ActiveCfg = Debug|Any CPU
		{5FE84AD0-62B9-4ACF-BEAC-253AB565FBCE}.Debug|Any CPU.Build.0 = Debug|Any CPU
		{5FE84AD0-62B9-4ACF-BEAC-253AB565FBCE}.Release|Any CPU.ActiveCfg = Release|Any CPU
		{5FE84AD0-62B9-4ACF-BEAC-253AB565FBCE}.Release|Any CPU.Build.0 = Release|Any CPU
	EndGlobalSection
	GlobalSection(SolutionProperties) = preSolution
		HideSolutionNode = FALSE
	EndGlobalSection
	GlobalSection(ExtensibilityGlobals) = postSolution
		SolutionGuid = {DBE93C20-D92E-4159-93B4-05CA672B4354}
	EndGlobalSection
EndGlobal
